
Microsoft Visual Studio Solution File, Format Version 12.00
# Visual Studio 2012
Project("{8BC9CEB8-8B4A-11D0-8D11-00A0C91BC942}") = "SDLtest", "SDLtest\SDLtest.vcxproj", "{E8FBDD5C-320D-4E5C-B9A7-04B3A20DF96B}"
EndProject
Global
	GlobalSection(SolutionConfigurationPlatforms) = preSolution
		Debug|Win32 = Debug|Win32
		Release|Win32 = Release|Win32
	EndGlobalSection
	GlobalSection(ProjectConfigurationPlatforms) = postSolution
		{E8FBDD5C-320D-4E5C-B9A7-04B3A20DF96B}.Debug|Win32.ActiveCfg = Debug|Win32
		{E8FBDD5C-320D-4E5C-B9A7-04B3A20DF96B}.Debug|Win32.Build.0 = Debug|Win32
		{E8FBDD5C-320D-4E5C-B9A7-04B3A20DF96B}.Release|Win32.ActiveCfg = Release|Win32
		{E8FBDD5C-320D-4E5C-B9A7-04B3A20DF96B}.Release|Win32.Build.0 = Release|Win32
	EndGlobalSection
	GlobalSection(SolutionProperties) = preSolution
		HideSolutionNode = FALSE
	EndGlobalSection
EndGlobal
